{
  "name": "baccano.io",
  "version": "1.0.0",
  "lockfileVersion": 1,
  "requires": true,
  "dependencies": {
    "bourbon": {
      "version": "6.0.0",
      "resolved": "https://registry.npmjs.org/bourbon/-/bourbon-6.0.0.tgz",
      "integrity": "sha512-Skds0R1+GY3c1oBddh9BggYVq39Uo4ySvW33zttPk+4+nfGYpbZqwaDwENkbtV7PYhCk0ctTFkzfTNFv5365ag=="
    },
    "bourbon-neat": {
      "version": "4.0.0",
      "resolved": "https://registry.npmjs.org/bourbon-neat/-/bourbon-neat-4.0.0.tgz",
      "integrity": "sha512-Ql1JdvjNvK9NbGvcBpsDkfuRRMK8fZ/mx1gRyZEy3PM/kqQ8QX0PcmKEqnZMl18YLfKaDwC0qa+e36TlDmT49g=="
    },
    "normalize.css": {
      "version": "8.0.1",
      "resolved": "https://registry.npmjs.org/normalize.css/-/normalize.css-8.0.1.tgz",
      "integrity": "sha512-qizSNPO93t1YUuUhP22btGOo3chcvDFqFaj2TRybP0DMxkHOCTYwp3n34fel4a31ORXy4m1Xq0Gyqpb5m33qIg=="
    }
  }
}
